
Microsoft Visual Studio Solution File, Format Version 12.00
# Visual Studio Version 17
VisualStudioVersion = 17.3.32922.545
MinimumVisualStudioVersion = 10.0.40219.1
Project("{FAE04EC0-301F-11D3-BF4B-00C04F79EFBC}") = "BulkyBookWeb", "BulkyBookWeb\BulkyBookWeb.csproj", "{8E1C692C-E222-4CCC-BAD1-D73EAD52E6B6}"
EndProject
Global
	GlobalSection(SolutionConfigurationPlatforms) = preSolution
		Debug|Any CPU = Debug|Any CPU
		Release|Any CPU = Release|Any CPU
	EndGlobalSection
	GlobalSection(ProjectConfigurationPlatforms) = postSolution
		{8E1C692C-E222-4CCC-BAD1-D73EAD52E6B6}.Debug|Any CPU.ActiveCfg = Debug|Any CPU
		{8E1C692C-E222-4CCC-BAD1-D73EAD52E6B6}.Debug|Any CPU.Build.0 = Debug|Any CPU
		{8E1C692C-E222-4CCC-BAD1-D73EAD52E6B6}.Release|Any CPU.ActiveCfg = Release|Any CPU
		{8E1C692C-E222-4CCC-BAD1-D73EAD52E6B6}.Release|Any CPU.Build.0 = Release|Any CPU
	EndGlobalSection
	GlobalSection(SolutionProperties) = preSolution
		HideSolutionNode = FALSE
	EndGlobalSection
	GlobalSection(ExtensibilityGlobals) = postSolution
		SolutionGuid = {30F3E7E6-D7B5-4012-8BF4-FEB6F5D81D42}
	EndGlobalSection
EndGlobal
